
Microsoft Visual Studio Solution File, Format Version 12.00
# Visual Studio Version 17
VisualStudioVersion = 17.10.35013.160
MinimumVisualStudioVersion = 10.0.40219.1
Project("{8BC9CEB8-8B4A-11D0-8D11-00A0C91BC942}") = "mainwindow1", "mainwindow1\mainwindow1.vcxproj", "{65DA1F0F-37A0-4B94-94D2-6D704D9423B4}"
EndProject
Global
	GlobalSection(SolutionConfigurationPlatforms) = preSolution
		Debug|x64 = Debug|x64
		Release|x64 = Release|x64
	EndGlobalSection
	GlobalSection(ProjectConfigurationPlatforms) = postSolution
		{65DA1F0F-37A0-4B94-94D2-6D704D9423B4}.Debug|x64.ActiveCfg = Debug|x64
		{65DA1F0F-37A0-4B94-94D2-6D704D9423B4}.Debug|x64.Build.0 = Debug|x64
		{65DA1F0F-37A0-4B94-94D2-6D704D9423B4}.Release|x64.ActiveCfg = Release|x64
		{65DA1F0F-37A0-4B94-94D2-6D704D9423B4}.Release|x64.Build.0 = Release|x64
	EndGlobalSection
	GlobalSection(SolutionProperties) = preSolution
		HideSolutionNode = FALSE
	EndGlobalSection
	GlobalSection(ExtensibilityGlobals) = postSolution
		SolutionGuid = {9D1BF068-624C-420C-A5E4-CB8A52D279A9}
	EndGlobalSection
EndGlobal
